
Microsoft Visual Studio Solution File, Format Version 12.00
# Visual Studio Version 16
VisualStudioVersion = 16.0.29025.244
MinimumVisualStudioVersion = 10.0.40219.1
Project("{9A19103F-16F7-4668-BE54-9A1E7A4F7556}") = "Sample.MultiTarget.Library", "Sample.MultiTarget.Library\Sample.MultiTarget.Library.csproj", "{F3DD1ADA-8202-4377-B6D2-B4944099D6FB}"
EndProject
Project("{FAE04EC0-301F-11D3-BF4B-00C04F79EFBC}") = "Sample.MultiTarget.Library.Tests", "Sample.MultiTarget.Library.Tests\Sample.MultiTarget.Library.Tests.csproj", "{90102948-9F7C-433B-9F4D-B82D2FF6EA05}"
EndProject
Global
	GlobalSection(SolutionConfigurationPlatforms) = preSolution
		Debug|Any CPU = Debug|Any CPU
		NETCOREAPP|Any CPU = NETCOREAPP|Any CPU
		NETFRAMEWORK|Any CPU = NETFRAMEWORK|Any CPU
		Release|Any CPU = Release|Any CPU
	EndGlobalSection
	GlobalSection(ProjectConfigurationPlatforms) = postSolution
		{F3DD1ADA-8202-4377-B6D2-B4944099D6FB}.Debug|Any CPU.ActiveCfg = Debug|Any CPU
		{F3DD1ADA-8202-4377-B6D2-B4944099D6FB}.Debug|Any CPU.Build.0 = Debug|Any CPU
		{F3DD1ADA-8202-4377-B6D2-B4944099D6FB}.NETCOREAPP|Any CPU.ActiveCfg = NETCOREAPP|Any CPU
		{F3DD1ADA-8202-4377-B6D2-B4944099D6FB}.NETCOREAPP|Any CPU.Build.0 = NETCOREAPP|Any CPU
		{F3DD1ADA-8202-4377-B6D2-B4944099D6FB}.NETFRAMEWORK|Any CPU.ActiveCfg = NETFRAMEWORK|Any CPU
		{F3DD1ADA-8202-4377-B6D2-B4944099D6FB}.NETFRAMEWORK|Any CPU.Build.0 = NETFRAMEWORK|Any CPU
		{F3DD1ADA-8202-4377-B6D2-B4944099D6FB}.Release|Any CPU.ActiveCfg = Release|Any CPU
		{F3DD1ADA-8202-4377-B6D2-B4944099D6FB}.Release|Any CPU.Build.0 = Release|Any CPU
		{90102948-9F7C-433B-9F4D-B82D2FF6EA05}.Debug|Any CPU.ActiveCfg = Debug|Any CPU
		{90102948-9F7C-433B-9F4D-B82D2FF6EA05}.Debug|Any CPU.Build.0 = Debug|Any CPU
		{90102948-9F7C-433B-9F4D-B82D2FF6EA05}.NETCOREAPP|Any CPU.ActiveCfg = NETCOREAPP|Any CPU
		{90102948-9F7C-433B-9F4D-B82D2FF6EA05}.NETCOREAPP|Any CPU.Build.0 = NETCOREAPP|Any CPU
		{90102948-9F7C-433B-9F4D-B82D2FF6EA05}.NETFRAMEWORK|Any CPU.ActiveCfg = NETFRAMEWORK|Any CPU
		{90102948-9F7C-433B-9F4D-B82D2FF6EA05}.NETFRAMEWORK|Any CPU.Build.0 = NETFRAMEWORK|Any CPU
		{90102948-9F7C-433B-9F4D-B82D2FF6EA05}.Release|Any CPU.ActiveCfg = Release|Any CPU
		{90102948-9F7C-433B-9F4D-B82D2FF6EA05}.Release|Any CPU.Build.0 = Release|Any CPU
	EndGlobalSection
	GlobalSection(SolutionProperties) = preSolution
		HideSolutionNode = FALSE
	EndGlobalSection
	GlobalSection(ExtensibilityGlobals) = postSolution
		SolutionGuid = {00294E07-E99E-4934-8172-64BA3D7299D4}
	EndGlobalSection
EndGlobal
