
Microsoft Visual Studio Solution File, Format Version 12.00
# Visual Studio Version 16
VisualStudioVersion = 16.0.29025.244
MinimumVisualStudioVersion = 10.0.40219.1
Project("{9A19103F-16F7-4668-BE54-9A1E7A4F7556}") = "Sample.MultiTarget.Library", "Sample.MultiTarget.Library\Sample.MultiTarget.Library.csproj", "{F3DD1ADA-8202-4377-B6D2-B4944099D6FB}"
EndProject
Project("{FAE04EC0-301F-11D3-BF4B-00C04F79EFBC}") = "Sample.MultiTarget.Library.Tests.461", "Sample.MultiTarget.Library.Tests.461\Sample.MultiTarget.Library.Tests.461.csproj", "{5309D4E8-6146-46C5-AC26-F7E5DB6BB3BA}"
EndProject
Project("{9A19103F-16F7-4668-BE54-9A1E7A4F7556}") = "Sample.MultiTarget.Library.Tests.NetCore", "Sample.MultiTarget.Library.Tests.NetCore\Sample.MultiTarget.Library.Tests.NetCore.csproj", "{DE77D6DF-9FE8-47C8-A109-DEA6517186F0}"
EndProject
Global
	GlobalSection(SolutionConfigurationPlatforms) = preSolution
		Debug|Any CPU = Debug|Any CPU
		NETCOREAPP|Any CPU = NETCOREAPP|Any CPU
		NETFRAMEWORK|Any CPU = NETFRAMEWORK|Any CPU
		Release|Any CPU = Release|Any CPU
	EndGlobalSection
	GlobalSection(ProjectConfigurationPlatforms) = postSolution
		{F3DD1ADA-8202-4377-B6D2-B4944099D6FB}.Debug|Any CPU.ActiveCfg = Debug|Any CPU
		{F3DD1ADA-8202-4377-B6D2-B4944099D6FB}.Debug|Any CPU.Build.0 = Debug|Any CPU
		{F3DD1ADA-8202-4377-B6D2-B4944099D6FB}.NETCOREAPP|Any CPU.ActiveCfg = NETCOREAPP|Any CPU
		{F3DD1ADA-8202-4377-B6D2-B4944099D6FB}.NETCOREAPP|Any CPU.Build.0 = NETCOREAPP|Any CPU
		{F3DD1ADA-8202-4377-B6D2-B4944099D6FB}.NETFRAMEWORK|Any CPU.ActiveCfg = NETFRAMEWORK|Any CPU
		{F3DD1ADA-8202-4377-B6D2-B4944099D6FB}.NETFRAMEWORK|Any CPU.Build.0 = NETFRAMEWORK|Any CPU
		{F3DD1ADA-8202-4377-B6D2-B4944099D6FB}.Release|Any CPU.ActiveCfg = Release|Any CPU
		{F3DD1ADA-8202-4377-B6D2-B4944099D6FB}.Release|Any CPU.Build.0 = Release|Any CPU
		{5309D4E8-6146-46C5-AC26-F7E5DB6BB3BA}.Debug|Any CPU.ActiveCfg = Debug|Any CPU
		{5309D4E8-6146-46C5-AC26-F7E5DB6BB3BA}.Debug|Any CPU.Build.0 = Debug|Any CPU
		{5309D4E8-6146-46C5-AC26-F7E5DB6BB3BA}.NETCOREAPP|Any CPU.ActiveCfg = NETCOREAPP|Any CPU
		{5309D4E8-6146-46C5-AC26-F7E5DB6BB3BA}.NETFRAMEWORK|Any CPU.ActiveCfg = NETFRAMEWORK|Any CPU
		{5309D4E8-6146-46C5-AC26-F7E5DB6BB3BA}.NETFRAMEWORK|Any CPU.Build.0 = NETFRAMEWORK|Any CPU
		{5309D4E8-6146-46C5-AC26-F7E5DB6BB3BA}.Release|Any CPU.ActiveCfg = Release|Any CPU
		{5309D4E8-6146-46C5-AC26-F7E5DB6BB3BA}.Release|Any CPU.Build.0 = Release|Any CPU
		{DE77D6DF-9FE8-47C8-A109-DEA6517186F0}.Debug|Any CPU.ActiveCfg = Debug|Any CPU
		{DE77D6DF-9FE8-47C8-A109-DEA6517186F0}.Debug|Any CPU.Build.0 = Debug|Any CPU
		{DE77D6DF-9FE8-47C8-A109-DEA6517186F0}.NETCOREAPP|Any CPU.ActiveCfg = NETCOREAPP|Any CPU
		{DE77D6DF-9FE8-47C8-A109-DEA6517186F0}.NETCOREAPP|Any CPU.Build.0 = NETCOREAPP|Any CPU
		{DE77D6DF-9FE8-47C8-A109-DEA6517186F0}.NETFRAMEWORK|Any CPU.ActiveCfg = NETFRAMEWORK|Any CPU
		{DE77D6DF-9FE8-47C8-A109-DEA6517186F0}.Release|Any CPU.ActiveCfg = Release|Any CPU
		{DE77D6DF-9FE8-47C8-A109-DEA6517186F0}.Release|Any CPU.Build.0 = Release|Any CPU
	EndGlobalSection
	GlobalSection(SolutionProperties) = preSolution
		HideSolutionNode = FALSE
	EndGlobalSection
	GlobalSection(ExtensibilityGlobals) = postSolution
		SolutionGuid = {00294E07-E99E-4934-8172-64BA3D7299D4}
	EndGlobalSection
EndGlobal
